
Microsoft Visual Studio Solution File, Format Version 12.00
# Visual Studio Version 16
VisualStudioVersion = 16.0.30309.148
MinimumVisualStudioVersion = 10.0.40219.1
Project("{FAE04EC0-301F-11D3-BF4B-00C04F79EFBC}") = "Precio_Total_Con_Iva", "Precio_Total_Con_Iva\Precio_Total_Con_Iva.csproj", "{84A9458E-618B-4DA4-9734-8554C8EC78AA}"
EndProject
Global
	GlobalSection(SolutionConfigurationPlatforms) = preSolution
		Debug|Any CPU = Debug|Any CPU
		Release|Any CPU = Release|Any CPU
	EndGlobalSection
	GlobalSection(ProjectConfigurationPlatforms) = postSolution
		{84A9458E-618B-4DA4-9734-8554C8EC78AA}.Debug|Any CPU.ActiveCfg = Debug|Any CPU
		{84A9458E-618B-4DA4-9734-8554C8EC78AA}.Debug|Any CPU.Build.0 = Debug|Any CPU
		{84A9458E-618B-4DA4-9734-8554C8EC78AA}.Release|Any CPU.ActiveCfg = Release|Any CPU
		{84A9458E-618B-4DA4-9734-8554C8EC78AA}.Release|Any CPU.Build.0 = Release|Any CPU
	EndGlobalSection
	GlobalSection(SolutionProperties) = preSolution
		HideSolutionNode = FALSE
	EndGlobalSection
	GlobalSection(ExtensibilityGlobals) = postSolution
		SolutionGuid = {7023B886-6A9A-4DF0-A8C0-B4C3DCA38C50}
	EndGlobalSection
EndGlobal
